
Microsoft Visual Studio Solution File, Format Version 12.00
# Visual Studio Version 17
VisualStudioVersion = 17.4.33122.133
MinimumVisualStudioVersion = 10.0.40219.1
Project("{FAE04EC0-301F-11D3-BF4B-00C04F79EFBC}") = "Lap3", "Lap3\Lap3.csproj", "{569392E2-64A4-40A3-A478-CF90E12E6729}"
EndProject
Global
	GlobalSection(SolutionConfigurationPlatforms) = preSolution
		Debug|Any CPU = Debug|Any CPU
		Release|Any CPU = Release|Any CPU
	EndGlobalSection
	GlobalSection(ProjectConfigurationPlatforms) = postSolution
		{569392E2-64A4-40A3-A478-CF90E12E6729}.Debug|Any CPU.ActiveCfg = Debug|Any CPU
		{569392E2-64A4-40A3-A478-CF90E12E6729}.Debug|Any CPU.Build.0 = Debug|Any CPU
		{569392E2-64A4-40A3-A478-CF90E12E6729}.Release|Any CPU.ActiveCfg = Release|Any CPU
		{569392E2-64A4-40A3-A478-CF90E12E6729}.Release|Any CPU.Build.0 = Release|Any CPU
	EndGlobalSection
	GlobalSection(SolutionProperties) = preSolution
		HideSolutionNode = FALSE
	EndGlobalSection
	GlobalSection(ExtensibilityGlobals) = postSolution
		SolutionGuid = {80C4A4AA-24B7-4914-9C86-2D37BB442361}
	EndGlobalSection
EndGlobal
